github.com/chbmuc/cec v0.0.0-20170405204755-573ad0b0369b h1:J+8dFfZ3Ja3zlGvfv9G4IDBdiAXNWzkom41wK6l2QnE=
github.com/chbmuc/cec v0.0.0-20170405204755-573ad0b0369b/go.mod h1:QHV/17/YYFcQvvQpJK9BiuLmjjfxIREN9JZC6SIzp0g=
github.com/gorilla/mux v1.8.0 h1:i40aqfkR1h2SlN9hojwV5ZA91wcXFOvkdNIeFDP5koI=
github.com/gorilla/mux v1.8.0/go.mod h1:DVbg23sWSpFRCP0SfiEN6jmj59UnW/n46BH5rLB71So=
